
Microsoft Visual Studio Solution File, Format Version 12.00
# Visual Studio 14
VisualStudioVersion = 14.0.23107.0
MinimumVisualStudioVersion = 10.0.40219.1
Project("{FAE04EC0-301F-11D3-BF4B-00C04F79EFBC}") = "JenkinsTest", "JenkinsTest\JenkinsTest.csproj", "{6D6EDD44-BC3D-4E20-A945-E52884F0BA32}"
EndProject
Project("{FAE04EC0-301F-11D3-BF4B-00C04F79EFBC}") = "JenkinsTest.CL", "JenkinsTest.CL\JenkinsTest.CL.csproj", "{604956A6-2F92-408D-951D-C88DE52961EE}"
EndProject
Project("{FAE04EC0-301F-11D3-BF4B-00C04F79EFBC}") = "JenkinsTest.UnitTestProject", "JenkinsTest.UnitTestProject\JenkinsTest.UnitTestProject.csproj", "{65A8EB0A-0D9D-43ED-9BF7-CE00E505700C}"
EndProject
Global
	GlobalSection(SolutionConfigurationPlatforms) = preSolution
		Debug|Any CPU = Debug|Any CPU
		Release|Any CPU = Release|Any CPU
	EndGlobalSection
	GlobalSection(ProjectConfigurationPlatforms) = postSolution
		{6D6EDD44-BC3D-4E20-A945-E52884F0BA32}.Debug|Any CPU.ActiveCfg = Debug|Any CPU
		{6D6EDD44-BC3D-4E20-A945-E52884F0BA32}.Debug|Any CPU.Build.0 = Debug|Any CPU
		{6D6EDD44-BC3D-4E20-A945-E52884F0BA32}.Release|Any CPU.ActiveCfg = Release|Any CPU
		{6D6EDD44-BC3D-4E20-A945-E52884F0BA32}.Release|Any CPU.Build.0 = Release|Any CPU
		{604956A6-2F92-408D-951D-C88DE52961EE}.Debug|Any CPU.ActiveCfg = Debug|Any CPU
		{604956A6-2F92-408D-951D-C88DE52961EE}.Debug|Any CPU.Build.0 = Debug|Any CPU
		{604956A6-2F92-408D-951D-C88DE52961EE}.Release|Any CPU.ActiveCfg = Release|Any CPU
		{604956A6-2F92-408D-951D-C88DE52961EE}.Release|Any CPU.Build.0 = Release|Any CPU
		{65A8EB0A-0D9D-43ED-9BF7-CE00E505700C}.Debug|Any CPU.ActiveCfg = Debug|Any CPU
		{65A8EB0A-0D9D-43ED-9BF7-CE00E505700C}.Debug|Any CPU.Build.0 = Debug|Any CPU
		{65A8EB0A-0D9D-43ED-9BF7-CE00E505700C}.Release|Any CPU.ActiveCfg = Release|Any CPU
		{65A8EB0A-0D9D-43ED-9BF7-CE00E505700C}.Release|Any CPU.Build.0 = Release|Any CPU
	EndGlobalSection
	GlobalSection(SolutionProperties) = preSolution
		HideSolutionNode = FALSE
	EndGlobalSection
EndGlobal
